
Microsoft Visual Studio Solution File, Format Version 12.00
# Visual Studio Version 16
VisualStudioVersion = 16.0.31424.327
MinimumVisualStudioVersion = 10.0.40219.1
Project("{FAE04EC0-301F-11D3-BF4B-00C04F79EFBC}") = "UI", "UI\UI.csproj", "{DA494942-F4EA-40F8-A93D-72E58D227989}"
EndProject
Global
	GlobalSection(SolutionConfigurationPlatforms) = preSolution
		Debug|Any CPU = Debug|Any CPU
		Release|Any CPU = Release|Any CPU
	EndGlobalSection
	GlobalSection(ProjectConfigurationPlatforms) = postSolution
		{DA494942-F4EA-40F8-A93D-72E58D227989}.Debug|Any CPU.ActiveCfg = Debug|Any CPU
		{DA494942-F4EA-40F8-A93D-72E58D227989}.Debug|Any CPU.Build.0 = Debug|Any CPU
		{DA494942-F4EA-40F8-A93D-72E58D227989}.Release|Any CPU.ActiveCfg = Release|Any CPU
		{DA494942-F4EA-40F8-A93D-72E58D227989}.Release|Any CPU.Build.0 = Release|Any CPU
	EndGlobalSection
	GlobalSection(SolutionProperties) = preSolution
		HideSolutionNode = FALSE
	EndGlobalSection
	GlobalSection(ExtensibilityGlobals) = postSolution
		SolutionGuid = {5C76C958-22A3-4F45-BE13-1638B45D06C6}
	EndGlobalSection
EndGlobal
